
Microsoft Visual Studio Solution File, Format Version 12.00
# Visual Studio Version 17
VisualStudioVersion = 17.13.35913.81
MinimumVisualStudioVersion = 10.0.40219.1
Project("{FAE04EC0-301F-11D3-BF4B-00C04F79EFBC}") = "sirketTakip", "sirketTakip\sirketTakip.csproj", "{F371E287-73E7-4C9E-B0E7-3FBAA7EC223E}"
EndProject
Global
	GlobalSection(SolutionConfigurationPlatforms) = preSolution
		Debug|Any CPU = Debug|Any CPU
		Release|Any CPU = Release|Any CPU
	EndGlobalSection
	GlobalSection(ProjectConfigurationPlatforms) = postSolution
		{F371E287-73E7-4C9E-B0E7-3FBAA7EC223E}.Debug|Any CPU.ActiveCfg = Debug|Any CPU
		{F371E287-73E7-4C9E-B0E7-3FBAA7EC223E}.Debug|Any CPU.Build.0 = Debug|Any CPU
		{F371E287-73E7-4C9E-B0E7-3FBAA7EC223E}.Release|Any CPU.ActiveCfg = Release|Any CPU
		{F371E287-73E7-4C9E-B0E7-3FBAA7EC223E}.Release|Any CPU.Build.0 = Release|Any CPU
	EndGlobalSection
	GlobalSection(SolutionProperties) = preSolution
		HideSolutionNode = FALSE
	EndGlobalSection
	GlobalSection(ExtensibilityGlobals) = postSolution
		SolutionGuid = {2B12C5CA-87FB-4448-8F2F-D3FF5BB867F3}
	EndGlobalSection
EndGlobal
